
Microsoft Visual Studio Solution File, Format Version 12.00
# Visual Studio 15
VisualStudioVersion = 15.0.28307.102
MinimumVisualStudioVersion = 10.0.40219.1
Project("{9A19103F-16F7-4668-BE54-9A1E7A4F7556}") = "Contract", "FastDataAccess\Contract.csproj", "{9C1A1BB0-CE68-4E3E-ACC5-500C4F15520F}"
EndProject
Project("{9A19103F-16F7-4668-BE54-9A1E7A4F7556}") = "DataAccess", "DataAccess\DataAccess.csproj", "{7CA87265-8598-40A7-82B2-A588D82B24C7}"
EndProject
Project("{FAE04EC0-301F-11D3-BF4B-00C04F79EFBC}") = "IndexingFileSystemService", "IndexingFileSystemService\IndexingFileSystemService.csproj", "{0F932B75-7B5F-4510-B806-1573109BF131}"
EndProject
Project("{9A19103F-16F7-4668-BE54-9A1E7A4F7556}") = "BusinessLogic", "BusinessLogic\BusinessLogic.csproj", "{79ED53B4-7987-480D-9BCE-AF618B34091E}"
EndProject
Project("{9A19103F-16F7-4668-BE54-9A1E7A4F7556}") = "Engine", "Engine\Engine.csproj", "{12BC85A6-84E1-461D-995E-50DF2A727172}"
EndProject
Project("{9A19103F-16F7-4668-BE54-9A1E7A4F7556}") = "Console", "Console\Console.csproj", "{64F0DF7D-7AA6-4375-AB3B-1D8A99826947}"
EndProject
Project("{FAE04EC0-301F-11D3-BF4B-00C04F79EFBC}") = "SynchronizeData", "SynchronizeData\SynchronizeData.csproj", "{42479AB6-61D8-4CB9-90A0-59AAC81E7EB8}"
EndProject
Global
	GlobalSection(SolutionConfigurationPlatforms) = preSolution
		Debug|Any CPU = Debug|Any CPU
		Release|Any CPU = Release|Any CPU
	EndGlobalSection
	GlobalSection(ProjectConfigurationPlatforms) = postSolution
		{9C1A1BB0-CE68-4E3E-ACC5-500C4F15520F}.Debug|Any CPU.ActiveCfg = Debug|Any CPU
		{9C1A1BB0-CE68-4E3E-ACC5-500C4F15520F}.Debug|Any CPU.Build.0 = Debug|Any CPU
		{9C1A1BB0-CE68-4E3E-ACC5-500C4F15520F}.Release|Any CPU.ActiveCfg = Release|Any CPU
		{9C1A1BB0-CE68-4E3E-ACC5-500C4F15520F}.Release|Any CPU.Build.0 = Release|Any CPU
		{7CA87265-8598-40A7-82B2-A588D82B24C7}.Debug|Any CPU.ActiveCfg = Debug|Any CPU
		{7CA87265-8598-40A7-82B2-A588D82B24C7}.Debug|Any CPU.Build.0 = Debug|Any CPU
		{7CA87265-8598-40A7-82B2-A588D82B24C7}.Release|Any CPU.ActiveCfg = Release|Any CPU
		{7CA87265-8598-40A7-82B2-A588D82B24C7}.Release|Any CPU.Build.0 = Release|Any CPU
		{0F932B75-7B5F-4510-B806-1573109BF131}.Debug|Any CPU.ActiveCfg = Debug|Any CPU
		{0F932B75-7B5F-4510-B806-1573109BF131}.Debug|Any CPU.Build.0 = Debug|Any CPU
		{0F932B75-7B5F-4510-B806-1573109BF131}.Release|Any CPU.ActiveCfg = Release|Any CPU
		{0F932B75-7B5F-4510-B806-1573109BF131}.Release|Any CPU.Build.0 = Release|Any CPU
		{79ED53B4-7987-480D-9BCE-AF618B34091E}.Debug|Any CPU.ActiveCfg = Debug|Any CPU
		{79ED53B4-7987-480D-9BCE-AF618B34091E}.Debug|Any CPU.Build.0 = Debug|Any CPU
		{79ED53B4-7987-480D-9BCE-AF618B34091E}.Release|Any CPU.ActiveCfg = Release|Any CPU
		{79ED53B4-7987-480D-9BCE-AF618B34091E}.Release|Any CPU.Build.0 = Release|Any CPU
		{12BC85A6-84E1-461D-995E-50DF2A727172}.Debug|Any CPU.ActiveCfg = Debug|Any CPU
		{12BC85A6-84E1-461D-995E-50DF2A727172}.Debug|Any CPU.Build.0 = Debug|Any CPU
		{12BC85A6-84E1-461D-995E-50DF2A727172}.Release|Any CPU.ActiveCfg = Release|Any CPU
		{12BC85A6-84E1-461D-995E-50DF2A727172}.Release|Any CPU.Build.0 = Release|Any CPU
		{64F0DF7D-7AA6-4375-AB3B-1D8A99826947}.Debug|Any CPU.ActiveCfg = Debug|Any CPU
		{64F0DF7D-7AA6-4375-AB3B-1D8A99826947}.Debug|Any CPU.Build.0 = Debug|Any CPU
		{64F0DF7D-7AA6-4375-AB3B-1D8A99826947}.Release|Any CPU.ActiveCfg = Release|Any CPU
		{64F0DF7D-7AA6-4375-AB3B-1D8A99826947}.Release|Any CPU.Build.0 = Release|Any CPU
		{42479AB6-61D8-4CB9-90A0-59AAC81E7EB8}.Debug|Any CPU.ActiveCfg = Debug|Any CPU
		{42479AB6-61D8-4CB9-90A0-59AAC81E7EB8}.Debug|Any CPU.Build.0 = Debug|Any CPU
		{42479AB6-61D8-4CB9-90A0-59AAC81E7EB8}.Release|Any CPU.ActiveCfg = Release|Any CPU
		{42479AB6-61D8-4CB9-90A0-59AAC81E7EB8}.Release|Any CPU.Build.0 = Release|Any CPU
	EndGlobalSection
	GlobalSection(SolutionProperties) = preSolution
		HideSolutionNode = FALSE
	EndGlobalSection
	GlobalSection(ExtensibilityGlobals) = postSolution
		SolutionGuid = {DB3D35FE-94AB-43F8-B451-0CB31B5DE89A}
	EndGlobalSection
EndGlobal
